
Microsoft Visual Studio Solution File, Format Version 12.00
# Visual Studio Version 17
VisualStudioVersion = 17.0.32112.339
MinimumVisualStudioVersion = 10.0.40219.1
Project("{9A19103F-16F7-4668-BE54-9A1E7A4F7556}") = "PokedexApp", "PokedexApp\PokedexApp.csproj", "{7D84BAE5-3EF3-4368-83EA-69CA691DEDD1}"
EndProject
Project("{9A19103F-16F7-4668-BE54-9A1E7A4F7556}") = "PokedexLib", "PokedexLib\PokedexLib.csproj", "{8E99704A-2E44-4B2C-88FA-9ED7B7E7FE96}"
EndProject
Project("{9A19103F-16F7-4668-BE54-9A1E7A4F7556}") = "PkdxDatabase", "PkdxDatabase\PkdxDatabase.csproj", "{1D0234EF-8698-4114-B369-7B0286A5ABB5}"
	ProjectSection(ProjectDependencies) = postProject
		{8E99704A-2E44-4B2C-88FA-9ED7B7E7FE96} = {8E99704A-2E44-4B2C-88FA-9ED7B7E7FE96}
	EndProjectSection
EndProject
Project("{9A19103F-16F7-4668-BE54-9A1E7A4F7556}") = "PokedexCSVCreator", "PokedexCSVCreator\PokedexCSVCreator.csproj", "{760670C4-F02F-4BD2-B04D-FD4DDE6BE597}"
EndProject
Project("{9A19103F-16F7-4668-BE54-9A1E7A4F7556}") = "PokedexTests", "PokedexTests\PokedexTests.csproj", "{F73C15A9-4658-4B09-A552-0AF7B13B61FB}"
	ProjectSection(ProjectDependencies) = postProject
		{7D84BAE5-3EF3-4368-83EA-69CA691DEDD1} = {7D84BAE5-3EF3-4368-83EA-69CA691DEDD1}
	EndProjectSection
EndProject
Global
	GlobalSection(SolutionConfigurationPlatforms) = preSolution
		Debug|Any CPU = Debug|Any CPU
		Release|Any CPU = Release|Any CPU
	EndGlobalSection
	GlobalSection(ProjectConfigurationPlatforms) = postSolution
		{7D84BAE5-3EF3-4368-83EA-69CA691DEDD1}.Debug|Any CPU.ActiveCfg = Debug|Any CPU
		{7D84BAE5-3EF3-4368-83EA-69CA691DEDD1}.Debug|Any CPU.Build.0 = Debug|Any CPU
		{7D84BAE5-3EF3-4368-83EA-69CA691DEDD1}.Release|Any CPU.ActiveCfg = Release|Any CPU
		{7D84BAE5-3EF3-4368-83EA-69CA691DEDD1}.Release|Any CPU.Build.0 = Release|Any CPU
		{8E99704A-2E44-4B2C-88FA-9ED7B7E7FE96}.Debug|Any CPU.ActiveCfg = Debug|Any CPU
		{8E99704A-2E44-4B2C-88FA-9ED7B7E7FE96}.Debug|Any CPU.Build.0 = Debug|Any CPU
		{8E99704A-2E44-4B2C-88FA-9ED7B7E7FE96}.Release|Any CPU.ActiveCfg = Release|Any CPU
		{8E99704A-2E44-4B2C-88FA-9ED7B7E7FE96}.Release|Any CPU.Build.0 = Release|Any CPU
		{1D0234EF-8698-4114-B369-7B0286A5ABB5}.Debug|Any CPU.ActiveCfg = Debug|Any CPU
		{1D0234EF-8698-4114-B369-7B0286A5ABB5}.Debug|Any CPU.Build.0 = Debug|Any CPU
		{1D0234EF-8698-4114-B369-7B0286A5ABB5}.Release|Any CPU.ActiveCfg = Release|Any CPU
		{1D0234EF-8698-4114-B369-7B0286A5ABB5}.Release|Any CPU.Build.0 = Release|Any CPU
		{760670C4-F02F-4BD2-B04D-FD4DDE6BE597}.Debug|Any CPU.ActiveCfg = Debug|Any CPU
		{760670C4-F02F-4BD2-B04D-FD4DDE6BE597}.Debug|Any CPU.Build.0 = Debug|Any CPU
		{760670C4-F02F-4BD2-B04D-FD4DDE6BE597}.Release|Any CPU.ActiveCfg = Release|Any CPU
		{760670C4-F02F-4BD2-B04D-FD4DDE6BE597}.Release|Any CPU.Build.0 = Release|Any CPU
		{F73C15A9-4658-4B09-A552-0AF7B13B61FB}.Debug|Any CPU.ActiveCfg = Debug|Any CPU
		{F73C15A9-4658-4B09-A552-0AF7B13B61FB}.Debug|Any CPU.Build.0 = Debug|Any CPU
		{F73C15A9-4658-4B09-A552-0AF7B13B61FB}.Release|Any CPU.ActiveCfg = Release|Any CPU
		{F73C15A9-4658-4B09-A552-0AF7B13B61FB}.Release|Any CPU.Build.0 = Release|Any CPU
	EndGlobalSection
	GlobalSection(SolutionProperties) = preSolution
		HideSolutionNode = FALSE
	EndGlobalSection
	GlobalSection(ExtensibilityGlobals) = postSolution
		SolutionGuid = {7212DDA4-BA52-426E-B42A-DD6C3DE71E29}
	EndGlobalSection
EndGlobal
